
Microsoft Visual Studio Solution File, Format Version 12.00
# Visual Studio Version 17
VisualStudioVersion = 17.6.33829.357
MinimumVisualStudioVersion = 10.0.40219.1
Project("{8BC9CEB8-8B4A-11D0-8D11-00A0C91BC942}") = "CallOfDutyWaWHack", "CallOfDutyWaWHack\CallOfDutyWaWHack.vcxproj", "{7EEDF095-0578-40B9-B7F9-E5C05A70F587}"
EndProject
Project("{8BC9CEB8-8B4A-11D0-8D11-00A0C91BC942}") = "Injector", "Injector\Injector.vcxproj", "{71174F4F-4B89-4B9E-A19D-08C4897710C2}"
EndProject
Global
	GlobalSection(SolutionConfigurationPlatforms) = preSolution
		Debug|x64 = Debug|x64
		Debug|x86 = Debug|x86
		Release|x64 = Release|x64
		Release|x86 = Release|x86
	EndGlobalSection
	GlobalSection(ProjectConfigurationPlatforms) = postSolution
		{7EEDF095-0578-40B9-B7F9-E5C05A70F587}.Debug|x64.ActiveCfg = Debug|x64
		{7EEDF095-0578-40B9-B7F9-E5C05A70F587}.Debug|x64.Build.0 = Debug|x64
		{7EEDF095-0578-40B9-B7F9-E5C05A70F587}.Debug|x86.ActiveCfg = Debug|Win32
		{7EEDF095-0578-40B9-B7F9-E5C05A70F587}.Debug|x86.Build.0 = Debug|Win32
		{7EEDF095-0578-40B9-B7F9-E5C05A70F587}.Release|x64.ActiveCfg = Release|x64
		{7EEDF095-0578-40B9-B7F9-E5C05A70F587}.Release|x64.Build.0 = Release|x64
		{7EEDF095-0578-40B9-B7F9-E5C05A70F587}.Release|x86.ActiveCfg = Release|Win32
		{7EEDF095-0578-40B9-B7F9-E5C05A70F587}.Release|x86.Build.0 = Release|Win32
		{71174F4F-4B89-4B9E-A19D-08C4897710C2}.Debug|x64.ActiveCfg = Debug|x64
		{71174F4F-4B89-4B9E-A19D-08C4897710C2}.Debug|x64.Build.0 = Debug|x64
		{71174F4F-4B89-4B9E-A19D-08C4897710C2}.Debug|x86.ActiveCfg = Debug|Win32
		{71174F4F-4B89-4B9E-A19D-08C4897710C2}.Debug|x86.Build.0 = Debug|Win32
		{71174F4F-4B89-4B9E-A19D-08C4897710C2}.Release|x64.ActiveCfg = Release|x64
		{71174F4F-4B89-4B9E-A19D-08C4897710C2}.Release|x64.Build.0 = Release|x64
		{71174F4F-4B89-4B9E-A19D-08C4897710C2}.Release|x86.ActiveCfg = Release|Win32
		{71174F4F-4B89-4B9E-A19D-08C4897710C2}.Release|x86.Build.0 = Release|Win32
	EndGlobalSection
	GlobalSection(SolutionProperties) = preSolution
		HideSolutionNode = FALSE
	EndGlobalSection
	GlobalSection(ExtensibilityGlobals) = postSolution
		SolutionGuid = {CB37A042-BA3D-4204-93D9-969CD6A9905A}
	EndGlobalSection
EndGlobal
